
Microsoft Visual Studio Solution File, Format Version 12.00
# Visual Studio Version 16
VisualStudioVersion = 16.0.33927.289
MinimumVisualStudioVersion = 10.0.40219.1
Project("{2150E333-8FDC-42A3-9474-1A3956D46DE8}") = "Task0", "Task0", "{0978AA8E-2C3C-487B-801F-E15F201CC550}"
EndProject
Project("{FAE04EC0-301F-11D3-BF4B-00C04F79EFBC}") = "Tyuiu.SavenkovaME.Sprint5.Task0.V5", "Tyuiu.SavenkovaME.Sprint5.Task0.V5\Tyuiu.SavenkovaME.Sprint5.Task0.V5.csproj", "{A756E3E4-46ED-4624-B226-3CB783A0C280}"
EndProject
Project("{FAE04EC0-301F-11D3-BF4B-00C04F79EFBC}") = "Tyuiu.SavenkovaME.Sprint5.Task0.V5.Lib", "Tyuiu.SavenkovaME.Sprint5.Task0.V5.Lib\Tyuiu.SavenkovaME.Sprint5.Task0.V5.Lib.csproj", "{CBB9FD09-29AD-475E-877B-835A9B99BA87}"
EndProject
Project("{FAE04EC0-301F-11D3-BF4B-00C04F79EFBC}") = "Tyuiu.SavenkovaME.Sprint5.Task0.V5.Test", "Tyuiu.SavenkovaME.Sprint5.Task0.V5.Test\Tyuiu.SavenkovaME.Sprint5.Task0.V5.Test.csproj", "{0135CD37-7337-4947-BA23-9972462AD0AC}"
EndProject
Project("{2150E333-8FDC-42A3-9474-1A3956D46DE8}") = "Task1", "Task1", "{80D5AE1B-D156-4EFF-973C-9A2F60CD2875}"
EndProject
Project("{FAE04EC0-301F-11D3-BF4B-00C04F79EFBC}") = "Tyuiu.SavenkovaME.Sprint5.Task1.V10", "Tyuiu.SavenkovaME.Sprint5.Task1.V10\Tyuiu.SavenkovaME.Sprint5.Task1.V10.csproj", "{DE1B2C44-B035-4B73-BB72-A3ECD4A54679}"
EndProject
Project("{FAE04EC0-301F-11D3-BF4B-00C04F79EFBC}") = "Tyuiu.SavenkovaME.Sprint5.Task1.V10.Lib", "Tyuiu.SavenkovaME.Sprint5.Task1.V10.Lib\Tyuiu.SavenkovaME.Sprint5.Task1.V10.Lib.csproj", "{73899A0C-E2BD-40C1-AECE-930CC9969588}"
EndProject
Project("{FAE04EC0-301F-11D3-BF4B-00C04F79EFBC}") = "Tyuiu.SavenkovaME.Sprint5.Task1.V10.Test", "Tyuiu.SavenkovaME.Sprint5.Task1.V10.Test\Tyuiu.SavenkovaME.Sprint5.Task1.V10.Test.csproj", "{963E95FD-9BAB-4CC5-BDB1-C732DA311C10}"
EndProject
Project("{2150E333-8FDC-42A3-9474-1A3956D46DE8}") = "Task2", "Task2", "{EDB886F4-A17F-4321-8EC6-CC2C631DE4D8}"
EndProject
Project("{FAE04EC0-301F-11D3-BF4B-00C04F79EFBC}") = "Tyuiu.SavenkovaME.Sprint5.Task2.V6", "Tyuiu.SavenkovaME.Sprint5.Task2.V6\Tyuiu.SavenkovaME.Sprint5.Task2.V6.csproj", "{76826D94-82B6-4AB2-A1DD-0FAC78E9FD17}"
EndProject
Project("{FAE04EC0-301F-11D3-BF4B-00C04F79EFBC}") = "Tyuiu.SavenkovaME.Sprint5.Task2.V6.Lib", "Tyuiu.SavenkovaME.Sprint5.Task2.V6.Lib\Tyuiu.SavenkovaME.Sprint5.Task2.V6.Lib.csproj", "{F7E1495E-A049-4BD1-94C4-B5E3EFCCB30A}"
EndProject
Project("{FAE04EC0-301F-11D3-BF4B-00C04F79EFBC}") = "Tyuiu.SavenkovaME.Sprint5.Task2.V6.Test", "Tyuiu.SavenkovaME.Sprint5.Task2.V6.Test\Tyuiu.SavenkovaME.Sprint5.Task2.V6.Test.csproj", "{74C56B34-1866-4E69-A145-4627E15F6424}"
EndProject
Project("{2150E333-8FDC-42A3-9474-1A3956D46DE8}") = "Task3", "Task3", "{8FD5E835-DDC1-4173-ADDE-31E03B3FF1EE}"
EndProject
Project("{FAE04EC0-301F-11D3-BF4B-00C04F79EFBC}") = "Tyuiu.SavenkovaME.Sprint5.Task3.V28", "Tyuiu.SavenkovaME.Sprint5.Task3.V28\Tyuiu.SavenkovaME.Sprint5.Task3.V28.csproj", "{C6B21C39-A36E-476E-B873-0D8439213E75}"
EndProject
Project("{FAE04EC0-301F-11D3-BF4B-00C04F79EFBC}") = "Tyuiu.SavenkovaME.Sprint5.Task3.V28.Lib", "Tyuiu.SavenkovaME.Sprint5.Task3.V28.Lib\Tyuiu.SavenkovaME.Sprint5.Task3.V28.Lib.csproj", "{801CCFEF-B11B-4EF9-A00F-0C463DE59153}"
EndProject
Project("{FAE04EC0-301F-11D3-BF4B-00C04F79EFBC}") = "Tyuiu.SavenkovaME.Sprint5.Task3.V28.Test", "Tyuiu.SavenkovaME.Sprint5.Task3.V28.Test\Tyuiu.SavenkovaME.Sprint5.Task3.V28.Test.csproj", "{C1CB49E5-B11D-4EBF-9D21-F65811254D12}"
EndProject
Project("{2150E333-8FDC-42A3-9474-1A3956D46DE8}") = "Task4", "Task4", "{EDDECA61-0002-4BD6-A40E-8491DBA6683C}"
EndProject
Project("{FAE04EC0-301F-11D3-BF4B-00C04F79EFBC}") = "Tyuiu.SavenkovaME.Sprint5.Task4.V9", "Tyuiu.SavenkovaME.Sprint5.Task4.V9\Tyuiu.SavenkovaME.Sprint5.Task4.V9.csproj", "{007AB55D-ECE8-4CEF-AE78-0A864BC3223C}"
EndProject
Project("{FAE04EC0-301F-11D3-BF4B-00C04F79EFBC}") = "Tyuiu.SavenkovaME.Sprint5.Task4.V9.Lib", "Tyuiu.SavenkovaME.Sprint5.Task4.V9.Lib\Tyuiu.SavenkovaME.Sprint5.Task4.V9.Lib.csproj", "{D8596512-3B13-47C6-9B26-8763A8EBC6AC}"
EndProject
Project("{FAE04EC0-301F-11D3-BF4B-00C04F79EFBC}") = "Tyuiu.SavenkovaME.Sprint5.Task4.V9.Test", "Tyuiu.SavenkovaME.Sprint5.Task4.V9.Test\Tyuiu.SavenkovaME.Sprint5.Task4.V9.Test.csproj", "{4CE41ABF-3CA2-47D0-B089-720950990D32}"
EndProject
Project("{2150E333-8FDC-42A3-9474-1A3956D46DE8}") = "Task5", "Task5", "{9C9834D8-E67F-4B4B-A485-74D10042E041}"
EndProject
Project("{FAE04EC0-301F-11D3-BF4B-00C04F79EFBC}") = "Tyuiu.SavenkovaME.Sprint5.Task5.V12", "Tyuiu.SavenkovaME.Sprint5.Task5.V12\Tyuiu.SavenkovaME.Sprint5.Task5.V12.csproj", "{BB9336A6-C285-4885-8E21-C82354529176}"
EndProject
Project("{FAE04EC0-301F-11D3-BF4B-00C04F79EFBC}") = "Tyuiu.SavenkovaME.Sprint5.Task5.V12.Lib", "Tyuiu.SavenkovaME.Sprint5.Task5.V12.Lib\Tyuiu.SavenkovaME.Sprint5.Task5.V12.Lib.csproj", "{B85D7D78-D833-4336-BB50-1650177895AF}"
EndProject
Project("{FAE04EC0-301F-11D3-BF4B-00C04F79EFBC}") = "Tyuiu.SavenkovaME.Sprint5.Task5.V12.Test", "Tyuiu.SavenkovaME.Sprint5.Task5.V12.Test\Tyuiu.SavenkovaME.Sprint5.Task5.V12.Test.csproj", "{32138862-7B35-42A0-BF3D-8055614E1AE3}"
EndProject
Global
	GlobalSection(SolutionConfigurationPlatforms) = preSolution
		Debug|Any CPU = Debug|Any CPU
		Release|Any CPU = Release|Any CPU
	EndGlobalSection
	GlobalSection(ProjectConfigurationPlatforms) = postSolution
		{A756E3E4-46ED-4624-B226-3CB783A0C280}.Debug|Any CPU.ActiveCfg = Debug|Any CPU
		{A756E3E4-46ED-4624-B226-3CB783A0C280}.Debug|Any CPU.Build.0 = Debug|Any CPU
		{A756E3E4-46ED-4624-B226-3CB783A0C280}.Release|Any CPU.ActiveCfg = Release|Any CPU
		{A756E3E4-46ED-4624-B226-3CB783A0C280}.Release|Any CPU.Build.0 = Release|Any CPU
		{CBB9FD09-29AD-475E-877B-835A9B99BA87}.Debug|Any CPU.ActiveCfg = Debug|Any CPU
		{CBB9FD09-29AD-475E-877B-835A9B99BA87}.Debug|Any CPU.Build.0 = Debug|Any CPU
		{CBB9FD09-29AD-475E-877B-835A9B99BA87}.Release|Any CPU.ActiveCfg = Release|Any CPU
		{CBB9FD09-29AD-475E-877B-835A9B99BA87}.Release|Any CPU.Build.0 = Release|Any CPU
		{0135CD37-7337-4947-BA23-9972462AD0AC}.Debug|Any CPU.ActiveCfg = Debug|Any CPU
		{0135CD37-7337-4947-BA23-9972462AD0AC}.Debug|Any CPU.Build.0 = Debug|Any CPU
		{0135CD37-7337-4947-BA23-9972462AD0AC}.Release|Any CPU.ActiveCfg = Release|Any CPU
		{0135CD37-7337-4947-BA23-9972462AD0AC}.Release|Any CPU.Build.0 = Release|Any CPU
		{DE1B2C44-B035-4B73-BB72-A3ECD4A54679}.Debug|Any CPU.ActiveCfg = Debug|Any CPU
		{DE1B2C44-B035-4B73-BB72-A3ECD4A54679}.Debug|Any CPU.Build.0 = Debug|Any CPU
		{DE1B2C44-B035-4B73-BB72-A3ECD4A54679}.Release|Any CPU.ActiveCfg = Release|Any CPU
		{DE1B2C44-B035-4B73-BB72-A3ECD4A54679}.Release|Any CPU.Build.0 = Release|Any CPU
		{73899A0C-E2BD-40C1-AECE-930CC9969588}.Debug|Any CPU.ActiveCfg = Debug|Any CPU
		{73899A0C-E2BD-40C1-AECE-930CC9969588}.Debug|Any CPU.Build.0 = Debug|Any CPU
		{73899A0C-E2BD-40C1-AECE-930CC9969588}.Release|Any CPU.ActiveCfg = Release|Any CPU
		{73899A0C-E2BD-40C1-AECE-930CC9969588}.Release|Any CPU.Build.0 = Release|Any CPU
		{963E95FD-9BAB-4CC5-BDB1-C732DA311C10}.Debug|Any CPU.ActiveCfg = Debug|Any CPU
		{963E95FD-9BAB-4CC5-BDB1-C732DA311C10}.Debug|Any CPU.Build.0 = Debug|Any CPU
		{963E95FD-9BAB-4CC5-BDB1-C732DA311C10}.Release|Any CPU.ActiveCfg = Release|Any CPU
		{963E95FD-9BAB-4CC5-BDB1-C732DA311C10}.Release|Any CPU.Build.0 = Release|Any CPU
		{76826D94-82B6-4AB2-A1DD-0FAC78E9FD17}.Debug|Any CPU.ActiveCfg = Debug|Any CPU
		{76826D94-82B6-4AB2-A1DD-0FAC78E9FD17}.Debug|Any CPU.Build.0 = Debug|Any CPU
		{76826D94-82B6-4AB2-A1DD-0FAC78E9FD17}.Release|Any CPU.ActiveCfg = Release|Any CPU
		{76826D94-82B6-4AB2-A1DD-0FAC78E9FD17}.Release|Any CPU.Build.0 = Release|Any CPU
		{F7E1495E-A049-4BD1-94C4-B5E3EFCCB30A}.Debug|Any CPU.ActiveCfg = Debug|Any CPU
		{F7E1495E-A049-4BD1-94C4-B5E3EFCCB30A}.Debug|Any CPU.Build.0 = Debug|Any CPU
		{F7E1495E-A049-4BD1-94C4-B5E3EFCCB30A}.Release|Any CPU.ActiveCfg = Release|Any CPU
		{F7E1495E-A049-4BD1-94C4-B5E3EFCCB30A}.Release|Any CPU.Build.0 = Release|Any CPU
		{74C56B34-1866-4E69-A145-4627E15F6424}.Debug|Any CPU.ActiveCfg = Debug|Any CPU
		{74C56B34-1866-4E69-A145-4627E15F6424}.Debug|Any CPU.Build.0 = Debug|Any CPU
		{74C56B34-1866-4E69-A145-4627E15F6424}.Release|Any CPU.ActiveCfg = Release|Any CPU
		{74C56B34-1866-4E69-A145-4627E15F6424}.Release|Any CPU.Build.0 = Release|Any CPU
		{C6B21C39-A36E-476E-B873-0D8439213E75}.Debug|Any CPU.ActiveCfg = Debug|Any CPU
		{C6B21C39-A36E-476E-B873-0D8439213E75}.Debug|Any CPU.Build.0 = Debug|Any CPU
		{C6B21C39-A36E-476E-B873-0D8439213E75}.Release|Any CPU.ActiveCfg = Release|Any CPU
		{C6B21C39-A36E-476E-B873-0D8439213E75}.Release|Any CPU.Build.0 = Release|Any CPU
		{801CCFEF-B11B-4EF9-A00F-0C463DE59153}.Debug|Any CPU.ActiveCfg = Debug|Any CPU
		{801CCFEF-B11B-4EF9-A00F-0C463DE59153}.Debug|Any CPU.Build.0 = Debug|Any CPU
		{801CCFEF-B11B-4EF9-A00F-0C463DE59153}.Release|Any CPU.ActiveCfg = Release|Any CPU
		{801CCFEF-B11B-4EF9-A00F-0C463DE59153}.Release|Any CPU.Build.0 = Release|Any CPU
		{C1CB49E5-B11D-4EBF-9D21-F65811254D12}.Debug|Any CPU.ActiveCfg = Debug|Any CPU
		{C1CB49E5-B11D-4EBF-9D21-F65811254D12}.Debug|Any CPU.Build.0 = Debug|Any CPU
		{C1CB49E5-B11D-4EBF-9D21-F65811254D12}.Release|Any CPU.ActiveCfg = Release|Any CPU
		{C1CB49E5-B11D-4EBF-9D21-F65811254D12}.Release|Any CPU.Build.0 = Release|Any CPU
		{007AB55D-ECE8-4CEF-AE78-0A864BC3223C}.Debug|Any CPU.ActiveCfg = Debug|Any CPU
		{007AB55D-ECE8-4CEF-AE78-0A864BC3223C}.Debug|Any CPU.Build.0 = Debug|Any CPU
		{007AB55D-ECE8-4CEF-AE78-0A864BC3223C}.Release|Any CPU.ActiveCfg = Release|Any CPU
		{007AB55D-ECE8-4CEF-AE78-0A864BC3223C}.Release|Any CPU.Build.0 = Release|Any CPU
		{D8596512-3B13-47C6-9B26-8763A8EBC6AC}.Debug|Any CPU.ActiveCfg = Debug|Any CPU
		{D8596512-3B13-47C6-9B26-8763A8EBC6AC}.Debug|Any CPU.Build.0 = Debug|Any CPU
		{D8596512-3B13-47C6-9B26-8763A8EBC6AC}.Release|Any CPU.ActiveCfg = Release|Any CPU
		{D8596512-3B13-47C6-9B26-8763A8EBC6AC}.Release|Any CPU.Build.0 = Release|Any CPU
		{4CE41ABF-3CA2-47D0-B089-720950990D32}.Debug|Any CPU.ActiveCfg = Debug|Any CPU
		{4CE41ABF-3CA2-47D0-B089-720950990D32}.Debug|Any CPU.Build.0 = Debug|Any CPU
		{4CE41ABF-3CA2-47D0-B089-720950990D32}.Release|Any CPU.ActiveCfg = Release|Any CPU
		{4CE41ABF-3CA2-47D0-B089-720950990D32}.Release|Any CPU.Build.0 = Release|Any CPU
		{BB9336A6-C285-4885-8E21-C82354529176}.Debug|Any CPU.ActiveCfg = Debug|Any CPU
		{BB9336A6-C285-4885-8E21-C82354529176}.Debug|Any CPU.Build.0 = Debug|Any CPU
		{BB9336A6-C285-4885-8E21-C82354529176}.Release|Any CPU.ActiveCfg = Release|Any CPU
		{BB9336A6-C285-4885-8E21-C82354529176}.Release|Any CPU.Build.0 = Release|Any CPU
		{B85D7D78-D833-4336-BB50-1650177895AF}.Debug|Any CPU.ActiveCfg = Debug|Any CPU
		{B85D7D78-D833-4336-BB50-1650177895AF}.Debug|Any CPU.Build.0 = Debug|Any CPU
		{B85D7D78-D833-4336-BB50-1650177895AF}.Release|Any CPU.ActiveCfg = Release|Any CPU
		{B85D7D78-D833-4336-BB50-1650177895AF}.Release|Any CPU.Build.0 = Release|Any CPU
		{32138862-7B35-42A0-BF3D-8055614E1AE3}.Debug|Any CPU.ActiveCfg = Debug|Any CPU
		{32138862-7B35-42A0-BF3D-8055614E1AE3}.Debug|Any CPU.Build.0 = Debug|Any CPU
		{32138862-7B35-42A0-BF3D-8055614E1AE3}.Release|Any CPU.ActiveCfg = Release|Any CPU
		{32138862-7B35-42A0-BF3D-8055614E1AE3}.Release|Any CPU.Build.0 = Release|Any CPU
	EndGlobalSection
	GlobalSection(SolutionProperties) = preSolution
		HideSolutionNode = FALSE
	EndGlobalSection
	GlobalSection(NestedProjects) = preSolution
		{A756E3E4-46ED-4624-B226-3CB783A0C280} = {0978AA8E-2C3C-487B-801F-E15F201CC550}
		{CBB9FD09-29AD-475E-877B-835A9B99BA87} = {0978AA8E-2C3C-487B-801F-E15F201CC550}
		{0135CD37-7337-4947-BA23-9972462AD0AC} = {0978AA8E-2C3C-487B-801F-E15F201CC550}
		{DE1B2C44-B035-4B73-BB72-A3ECD4A54679} = {80D5AE1B-D156-4EFF-973C-9A2F60CD2875}
		{73899A0C-E2BD-40C1-AECE-930CC9969588} = {80D5AE1B-D156-4EFF-973C-9A2F60CD2875}
		{963E95FD-9BAB-4CC5-BDB1-C732DA311C10} = {80D5AE1B-D156-4EFF-973C-9A2F60CD2875}
		{76826D94-82B6-4AB2-A1DD-0FAC78E9FD17} = {EDB886F4-A17F-4321-8EC6-CC2C631DE4D8}
		{F7E1495E-A049-4BD1-94C4-B5E3EFCCB30A} = {EDB886F4-A17F-4321-8EC6-CC2C631DE4D8}
		{74C56B34-1866-4E69-A145-4627E15F6424} = {EDB886F4-A17F-4321-8EC6-CC2C631DE4D8}
		{C6B21C39-A36E-476E-B873-0D8439213E75} = {8FD5E835-DDC1-4173-ADDE-31E03B3FF1EE}
		{801CCFEF-B11B-4EF9-A00F-0C463DE59153} = {8FD5E835-DDC1-4173-ADDE-31E03B3FF1EE}
		{C1CB49E5-B11D-4EBF-9D21-F65811254D12} = {8FD5E835-DDC1-4173-ADDE-31E03B3FF1EE}
		{007AB55D-ECE8-4CEF-AE78-0A864BC3223C} = {EDDECA61-0002-4BD6-A40E-8491DBA6683C}
		{D8596512-3B13-47C6-9B26-8763A8EBC6AC} = {EDDECA61-0002-4BD6-A40E-8491DBA6683C}
		{4CE41ABF-3CA2-47D0-B089-720950990D32} = {EDDECA61-0002-4BD6-A40E-8491DBA6683C}
		{BB9336A6-C285-4885-8E21-C82354529176} = {9C9834D8-E67F-4B4B-A485-74D10042E041}
		{B85D7D78-D833-4336-BB50-1650177895AF} = {9C9834D8-E67F-4B4B-A485-74D10042E041}
		{32138862-7B35-42A0-BF3D-8055614E1AE3} = {9C9834D8-E67F-4B4B-A485-74D10042E041}
	EndGlobalSection
	GlobalSection(ExtensibilityGlobals) = postSolution
		SolutionGuid = {FCA62793-76C6-4DCD-941D-47A7D038498C}
	EndGlobalSection
EndGlobal
